
Microsoft Visual Studio Solution File, Format Version 12.00
# Visual Studio Version 16
VisualStudioVersion = 25.0.1706.4
MinimumVisualStudioVersion = 10.0.40219.1
Project("{FAE04EC0-301F-11D3-BF4B-00C04F79EFBC}") = "Classic_Cars_Project", "Classic_Cars_Project\Classic_Cars_Project.csproj", "{B2DA8D01-D1A2-4A61-B2DD-F5F830241017}"
EndProject
Global
	GlobalSection(SolutionConfigurationPlatforms) = preSolution
		Debug|Any CPU = Debug|Any CPU
		Release|Any CPU = Release|Any CPU
	EndGlobalSection
	GlobalSection(ProjectConfigurationPlatforms) = postSolution
		{B2DA8D01-D1A2-4A61-B2DD-F5F830241017}.Debug|Any CPU.ActiveCfg = Debug|Any CPU
		{B2DA8D01-D1A2-4A61-B2DD-F5F830241017}.Debug|Any CPU.Build.0 = Debug|Any CPU
		{B2DA8D01-D1A2-4A61-B2DD-F5F830241017}.Release|Any CPU.ActiveCfg = Release|Any CPU
		{B2DA8D01-D1A2-4A61-B2DD-F5F830241017}.Release|Any CPU.Build.0 = Release|Any CPU
	EndGlobalSection
	GlobalSection(SolutionProperties) = preSolution
		HideSolutionNode = FALSE
	EndGlobalSection
	GlobalSection(ExtensibilityGlobals) = postSolution
		SolutionGuid = {7E0E100D-1BD9-4B80-A627-6F31D90B4913}
	EndGlobalSection
EndGlobal
